{
  "name": "flymark",
  "version": "1.0.0",
  "lockfileVersion": 1,
  "requires": true,
  "dependencies": {
    "ansi-regex": {
      "version": "https://registry.npmjs.org/ansi-regex/-/ansi-regex-2.1.1.tgz",
      "integrity": "sha1-w7M6te42DYbg5ijwRorn7yfWVN8="
    },
    "argparse": {
      "version": "1.0.9",
      "resolved": "https://registry.npmjs.org/argparse/-/argparse-1.0.9.tgz",
      "integrity": "sha1-c9g7wmP4bpf4zE9rrhsOkKfSLIY=",
      "requires": {
        "sprintf-js": "1.0.3"
      }
    },
    "builtin-modules": {
      "version": "https://registry.npmjs.org/builtin-modules/-/builtin-modules-1.1.1.tgz",
      "integrity": "sha1-Jw8HbFpywC9bZaR9+Uxf46J4iS8="
    },
    "bytes": {
      "version": "https://registry.npmjs.org/bytes/-/bytes-2.5.0.tgz",
      "integrity": "sha1-TJQj6i0lLCcMQbK97+/5u2tiwGo="
    },
    "camelcase": {
      "version": "https://registry.npmjs.org/camelcase/-/camelcase-4.1.0.tgz",
      "integrity": "sha1-1UVjW+HjPFQmScaRc+Xeas+uNN0="
    },
    "cliui": {
      "version": "https://registry.npmjs.org/cliui/-/cliui-3.2.0.tgz",
      "integrity": "sha1-EgYBU3qRbSmUD5NNo7SNWFo5IT0=",
      "requires": {
        "string-width": "https://registry.npmjs.org/string-width/-/string-width-1.0.2.tgz",
        "strip-ansi": "https://registry.npmjs.org/strip-ansi/-/strip-ansi-3.0.1.tgz",
        "wrap-ansi": "https://registry.npmjs.org/wrap-ansi/-/wrap-ansi-2.1.0.tgz"
      },
      "dependencies": {
        "string-width": {
          "version": "https://registry.npmjs.org/string-width/-/string-width-1.0.2.tgz",
          "integrity": "sha1-EYvfW4zcUaKn5w0hHgfisLmxB9M=",
          "requires": {
            "code-point-at": "https://registry.npmjs.org/code-point-at/-/code-point-at-1.1.0.tgz",
            "is-fullwidth-code-point": "https://registry.npmjs.org/is-fullwidth-code-point/-/is-fullwidth-code-point-1.0.0.tgz",
            "strip-ansi": "https://registry.npmjs.org/strip-ansi/-/strip-ansi-3.0.1.tgz"
          }
        }
      }
    },
    "code-point-at": {
      "version": "https://registry.npmjs.org/code-point-at/-/code-point-at-1.1.0.tgz",
      "integrity": "sha1-DQcLTQQ6W+ozovGkDi7bPZpMz3c="
    },
    "cross-spawn": {
      "version": "https://registry.npmjs.org/cross-spawn/-/cross-spawn-5.1.0.tgz",
      "integrity": "sha1-6L0O/uWPz/b4+UUQoKVUu/ojVEk=",
      "requires": {
        "lru-cache": "https://registry.npmjs.org/lru-cache/-/lru-cache-4.1.1.tgz",
        "shebang-command": "https://registry.npmjs.org/shebang-command/-/shebang-command-1.2.0.tgz",
        "which": "https://registry.npmjs.org/which/-/which-1.3.0.tgz"
      }
    },
    "decamelize": {
      "version": "https://registry.npmjs.org/decamelize/-/decamelize-1.2.0.tgz",
      "integrity": "sha1-9lNNFRSCabIDUue+4m9QH5oZEpA="
    },
    "depd": {
      "version": "https://registry.npmjs.org/depd/-/depd-1.1.0.tgz",
      "integrity": "sha1-4b2Cxqq2ztlluXuIsX7T5SjKGMM="
    },
    "encoding": {
      "version": "https://registry.npmjs.org/encoding/-/encoding-0.1.12.tgz",
      "integrity": "sha1-U4tm8+5izRq1HsMjgp0flIDHS+s=",
      "requires": {
        "iconv-lite": "https://registry.npmjs.org/iconv-lite/-/iconv-lite-0.4.18.tgz"
      }
    },
    "error-ex": {
      "version": "https://registry.npmjs.org/error-ex/-/error-ex-1.3.1.tgz",
      "integrity": "sha1-+FWobOYa3E6GIcPNoh56dhLDqNw=",
      "requires": {
        "is-arrayish": "https://registry.npmjs.org/is-arrayish/-/is-arrayish-0.2.1.tgz"
      }
    },
    "esprima": {
      "version": "4.0.0",
      "resolved": "https://registry.npmjs.org/esprima/-/esprima-4.0.0.tgz",
      "integrity": "sha512-oftTcaMu/EGrEIu904mWteKIv8vMuOgGYo7EhVJJN00R/EED9DCua/xxHRdYnKtcECzVg7xOWhflvJMnqcFZjw=="
    },
    "execa": {
      "version": "https://registry.npmjs.org/execa/-/execa-0.7.0.tgz",
      "integrity": "sha1-lEvs00zEHuMqY6n68nrVpl/Fl3c=",
      "requires": {
        "cross-spawn": "https://registry.npmjs.org/cross-spawn/-/cross-spawn-5.1.0.tgz",
        "get-stream": "https://registry.npmjs.org/get-stream/-/get-stream-3.0.0.tgz",
        "is-stream": "https://registry.npmjs.org/is-stream/-/is-stream-1.1.0.tgz",
        "npm-run-path": "https://registry.npmjs.org/npm-run-path/-/npm-run-path-2.0.2.tgz",
        "p-finally": "https://registry.npmjs.org/p-finally/-/p-finally-1.0.0.tgz",
        "signal-exit": "https://registry.npmjs.org/signal-exit/-/signal-exit-3.0.2.tgz",
        "strip-eof": "https://registry.npmjs.org/strip-eof/-/strip-eof-1.0.0.tgz"
      }
    },
    "find-up": {
      "version": "https://registry.npmjs.org/find-up/-/find-up-2.1.0.tgz",
      "integrity": "sha1-RdG35QbHF93UgndaK3eSCjwMV6c=",
      "requires": {
        "locate-path": "https://registry.npmjs.org/locate-path/-/locate-path-2.0.0.tgz"
      }
    },
    "front-matter": {
      "version": "2.2.0",
      "resolved": "https://registry.npmjs.org/front-matter/-/front-matter-2.2.0.tgz",
      "integrity": "sha1-NSBfZ1IkMLEhPvJhSeywaFef44o=",
      "requires": {
        "js-yaml": "3.9.1"
      }
    },
    "get-caller-file": {
      "version": "https://registry.npmjs.org/get-caller-file/-/get-caller-file-1.0.2.tgz",
      "integrity": "sha1-9wLmMSfn4jHBYKgMFVSstw1QR+U="
    },
    "get-stream": {
      "version": "https://registry.npmjs.org/get-stream/-/get-stream-3.0.0.tgz",
      "integrity": "sha1-jpQ9E1jcN1VQVOy+LtsFqhdO3hQ="
    },
    "graceful-fs": {
      "version": "https://registry.npmjs.org/graceful-fs/-/graceful-fs-4.1.11.tgz",
      "integrity": "sha1-Dovf5NHduIVNZOBOp8AOKgJuVlg="
    },
    "graphql-request": {
      "version": "https://registry.npmjs.org/graphql-request/-/graphql-request-1.3.4.tgz",
      "integrity": "sha1-lNXy5mRNnZy84NBpU+EAww5ctjM=",
      "requires": {
        "isomorphic-fetch": "https://registry.npmjs.org/isomorphic-fetch/-/isomorphic-fetch-2.2.1.tgz"
      }
    },
    "hosted-git-info": {
      "version": "https://registry.npmjs.org/hosted-git-info/-/hosted-git-info-2.5.0.tgz",
      "integrity": "sha1-bWDjSzq7yDEwYsO3mO+NkBoHrzw="
    },
    "http-errors": {
      "version": "https://registry.npmjs.org/http-errors/-/http-errors-1.6.1.tgz",
      "integrity": "sha1-X4uO2YrKVFZWv1cplzh/kEpyIlc=",
      "requires": {
        "depd": "https://registry.npmjs.org/depd/-/depd-1.1.0.tgz",
        "inherits": "https://registry.npmjs.org/inherits/-/inherits-2.0.3.tgz",
        "setprototypeof": "https://registry.npmjs.org/setprototypeof/-/setprototypeof-1.0.3.tgz",
        "statuses": "https://registry.npmjs.org/statuses/-/statuses-1.3.1.tgz"
      }
    },
    "iconv-lite": {
      "version": "https://registry.npmjs.org/iconv-lite/-/iconv-lite-0.4.18.tgz",
      "integrity": "sha1-I9hlaxaq5nQqwpcy6o8DNqR4nPI="
    },
    "inherits": {
      "version": "https://registry.npmjs.org/inherits/-/inherits-2.0.3.tgz",
      "integrity": "sha1-Yzwsg+PaQqUC9SRmAiSA9CCCYd4="
    },
    "invert-kv": {
      "version": "https://registry.npmjs.org/invert-kv/-/invert-kv-1.0.0.tgz",
      "integrity": "sha1-EEqOSqym09jNFXqO+L+rLXo//bY="
    },
    "is-arrayish": {
      "version": "https://registry.npmjs.org/is-arrayish/-/is-arrayish-0.2.1.tgz",
      "integrity": "sha1-d8mYQFJ6qOyxqLppe4BkWnqSap0="
    },
    "is-builtin-module": {
      "version": "https://registry.npmjs.org/is-builtin-module/-/is-builtin-module-1.0.0.tgz",
      "integrity": "sha1-VAVy0096wxGfj3bDDLwbHgN6/74=",
      "requires": {
        "builtin-modules": "https://registry.npmjs.org/builtin-modules/-/builtin-modules-1.1.1.tgz"
      }
    },
    "is-fullwidth-code-point": {
      "version": "https://registry.npmjs.org/is-fullwidth-code-point/-/is-fullwidth-code-point-1.0.0.tgz",
      "integrity": "sha1-754xOG8DGn8NZDr4L95QxFfvAMs=",
      "requires": {
        "number-is-nan": "https://registry.npmjs.org/number-is-nan/-/number-is-nan-1.0.1.tgz"
      }
    },
    "is-stream": {
      "version": "https://registry.npmjs.org/is-stream/-/is-stream-1.1.0.tgz",
      "integrity": "sha1-EtSj3U5o4Lec6428hBc66A2RykQ="
    },
    "isexe": {
      "version": "https://registry.npmjs.org/isexe/-/isexe-2.0.0.tgz",
      "integrity": "sha1-6PvzdNxVb/iUehDcsFctYz8s+hA="
    },
    "isomorphic-fetch": {
      "version": "https://registry.npmjs.org/isomorphic-fetch/-/isomorphic-fetch-2.2.1.tgz",
      "integrity": "sha1-YRrhrPFPXoH3KVB0coGf6XM1WKk=",
      "requires": {
        "node-fetch": "https://registry.npmjs.org/node-fetch/-/node-fetch-1.7.2.tgz",
        "whatwg-fetch": "https://registry.npmjs.org/whatwg-fetch/-/whatwg-fetch-2.0.3.tgz"
      }
    },
    "js-yaml": {
      "version": "3.9.1",
      "resolved": "https://registry.npmjs.org/js-yaml/-/js-yaml-3.9.1.tgz",
      "integrity": "sha512-CbcG379L1e+mWBnLvHWWeLs8GyV/EMw862uLI3c+GxVyDHWZcjZinwuBd3iW2pgxgIlksW/1vNJa4to+RvDOww==",
      "requires": {
        "argparse": "1.0.9",
        "esprima": "4.0.0"
      }
    },
    "lcid": {
      "version": "https://registry.npmjs.org/lcid/-/lcid-1.0.0.tgz",
      "integrity": "sha1-MIrMr6C8SDo4Z7S28rlQYlHRuDU=",
      "requires": {
        "invert-kv": "https://registry.npmjs.org/invert-kv/-/invert-kv-1.0.0.tgz"
      }
    },
    "load-json-file": {
      "version": "https://registry.npmjs.org/load-json-file/-/load-json-file-2.0.0.tgz",
      "integrity": "sha1-eUfkIUmvgNaWy/eXvKq8/h/inKg=",
      "requires": {
        "graceful-fs": "https://registry.npmjs.org/graceful-fs/-/graceful-fs-4.1.11.tgz",
        "parse-json": "https://registry.npmjs.org/parse-json/-/parse-json-2.2.0.tgz",
        "pify": "https://registry.npmjs.org/pify/-/pify-2.3.0.tgz",
        "strip-bom": "https://registry.npmjs.org/strip-bom/-/strip-bom-3.0.0.tgz"
      }
    },
    "locate-path": {
      "version": "https://registry.npmjs.org/locate-path/-/locate-path-2.0.0.tgz",
      "integrity": "sha1-K1aLJl7slExtnA3pw9u7ygNUzY4=",
      "requires": {
        "p-locate": "https://registry.npmjs.org/p-locate/-/p-locate-2.0.0.tgz",
        "path-exists": "https://registry.npmjs.org/path-exists/-/path-exists-3.0.0.tgz"
      }
    },
    "lru-cache": {
      "version": "https://registry.npmjs.org/lru-cache/-/lru-cache-4.1.1.tgz",
      "integrity": "sha1-Yi4y6CSItJJ5EUpPns9F581rulU=",
      "requires": {
        "pseudomap": "https://registry.npmjs.org/pseudomap/-/pseudomap-1.0.2.tgz",
        "yallist": "https://registry.npmjs.org/yallist/-/yallist-2.1.2.tgz"
      }
    },
    "media-typer": {
      "version": "https://registry.npmjs.org/media-typer/-/media-typer-0.3.0.tgz",
      "integrity": "sha1-hxDXrwqmJvj/+hzgAWhUUmMlV0g="
    },
    "mem": {
      "version": "https://registry.npmjs.org/mem/-/mem-1.1.0.tgz",
      "integrity": "sha1-Xt1StIXKHZAP5kiVUFOZoN+kX3Y=",
      "requires": {
        "mimic-fn": "https://registry.npmjs.org/mimic-fn/-/mimic-fn-1.1.0.tgz"
      }
    },
    "micro": {
      "version": "https://registry.npmjs.org/micro/-/micro-8.0.3.tgz",
      "integrity": "sha1-tQJjS8rhwB2ykUFiJowEpoeUlEA=",
      "requires": {
        "media-typer": "https://registry.npmjs.org/media-typer/-/media-typer-0.3.0.tgz",
        "mri": "https://registry.npmjs.org/mri/-/mri-1.1.0.tgz",
        "raw-body": "https://registry.npmjs.org/raw-body/-/raw-body-2.3.0.tgz"
      }
    },
    "mimic-fn": {
      "version": "https://registry.npmjs.org/mimic-fn/-/mimic-fn-1.1.0.tgz",
      "integrity": "sha1-5md4PZLonb00KBi1IwudYqZyrRg="
    },
    "mri": {
      "version": "https://registry.npmjs.org/mri/-/mri-1.1.0.tgz",
      "integrity": "sha1-XAo/KcjM/7ux7JQdzsCdcfoy82o="
    },
    "node-fetch": {
      "version": "https://registry.npmjs.org/node-fetch/-/node-fetch-1.7.2.tgz",
      "integrity": "sha1-xU6arFfkModSM1JfPIkcQVn/79c=",
      "requires": {
        "encoding": "https://registry.npmjs.org/encoding/-/encoding-0.1.12.tgz",
        "is-stream": "https://registry.npmjs.org/is-stream/-/is-stream-1.1.0.tgz"
      }
    },
    "normalize-package-data": {
      "version": "https://registry.npmjs.org/normalize-package-data/-/normalize-package-data-2.4.0.tgz",
      "integrity": "sha1-EvlaMH1YNSB1oEkHuErIvpisAS8=",
      "requires": {
        "hosted-git-info": "https://registry.npmjs.org/hosted-git-info/-/hosted-git-info-2.5.0.tgz",
        "is-builtin-module": "https://registry.npmjs.org/is-builtin-module/-/is-builtin-module-1.0.0.tgz",
        "semver": "https://registry.npmjs.org/semver/-/semver-5.4.1.tgz",
        "validate-npm-package-license": "https://registry.npmjs.org/validate-npm-package-license/-/validate-npm-package-license-3.0.1.tgz"
      }
    },
    "npm-run-path": {
      "version": "https://registry.npmjs.org/npm-run-path/-/npm-run-path-2.0.2.tgz",
      "integrity": "sha1-NakjLfo11wZ7TLLd8jV7GHFTbF8=",
      "requires": {
        "path-key": "https://registry.npmjs.org/path-key/-/path-key-2.0.1.tgz"
      }
    },
    "number-is-nan": {
      "version": "https://registry.npmjs.org/number-is-nan/-/number-is-nan-1.0.1.tgz",
      "integrity": "sha1-CXtgK1NCKlIsGvuHkDGDNpQaAR0="
    },
    "os-locale": {
      "version": "https://registry.npmjs.org/os-locale/-/os-locale-2.1.0.tgz",
      "integrity": "sha1-QrwpAKa1uL0XN2yOiCtlr8zyS/I=",
      "requires": {
        "execa": "https://registry.npmjs.org/execa/-/execa-0.7.0.tgz",
        "lcid": "https://registry.npmjs.org/lcid/-/lcid-1.0.0.tgz",
        "mem": "https://registry.npmjs.org/mem/-/mem-1.1.0.tgz"
      }
    },
    "p-finally": {
      "version": "https://registry.npmjs.org/p-finally/-/p-finally-1.0.0.tgz",
      "integrity": "sha1-P7z7FbiZpEEjs0ttzBi3JDNqLK4="
    },
    "p-limit": {
      "version": "https://registry.npmjs.org/p-limit/-/p-limit-1.1.0.tgz",
      "integrity": "sha1-sH/y2aXYi+yAYDWJWiurZqJ5iLw="
    },
    "p-locate": {
      "version": "https://registry.npmjs.org/p-locate/-/p-locate-2.0.0.tgz",
      "integrity": "sha1-IKAQOyIqcMj9OcwuWAaA893l7EM=",
      "requires": {
        "p-limit": "https://registry.npmjs.org/p-limit/-/p-limit-1.1.0.tgz"
      }
    },
    "parse-json": {
      "version": "https://registry.npmjs.org/parse-json/-/parse-json-2.2.0.tgz",
      "integrity": "sha1-9ID0BDTvgHQfhGkJn43qGPVaTck=",
      "requires": {
        "error-ex": "https://registry.npmjs.org/error-ex/-/error-ex-1.3.1.tgz"
      }
    },
    "path-exists": {
      "version": "https://registry.npmjs.org/path-exists/-/path-exists-3.0.0.tgz",
      "integrity": "sha1-zg6+ql94yxiSXqfYENe1mwEP1RU="
    },
    "path-key": {
      "version": "https://registry.npmjs.org/path-key/-/path-key-2.0.1.tgz",
      "integrity": "sha1-QRyttXTFoUDTpLGRDUDYDMn0C0A="
    },
    "path-type": {
      "version": "https://registry.npmjs.org/path-type/-/path-type-2.0.0.tgz",
      "integrity": "sha1-8BLMuEFbcJb8LaoQVMPXI4lZTHM=",
      "requires": {
        "pify": "https://registry.npmjs.org/pify/-/pify-2.3.0.tgz"
      }
    },
    "pify": {
      "version": "https://registry.npmjs.org/pify/-/pify-2.3.0.tgz",
      "integrity": "sha1-7RQaasBDqEnqWISY59yosVMw6Qw="
    },
    "prettier": {
      "version": "https://registry.npmjs.org/prettier/-/prettier-1.6.0.tgz",
      "integrity": "sha1-I+nGglH0QP64R/VYghvq0hdlkZo=",
      "dev": true
    },
    "pseudomap": {
      "version": "https://registry.npmjs.org/pseudomap/-/pseudomap-1.0.2.tgz",
      "integrity": "sha1-8FKijacOYYkX7wqKw0wa5aaChrM="
    },
    "raw-body": {
      "version": "https://registry.npmjs.org/raw-body/-/raw-body-2.3.0.tgz",
      "integrity": "sha1-95zhrKyrpbY2LTNFTXhdcSn0vGc=",
      "requires": {
        "bytes": "https://registry.npmjs.org/bytes/-/bytes-2.5.0.tgz",
        "http-errors": "https://registry.npmjs.org/http-errors/-/http-errors-1.6.1.tgz",
        "iconv-lite": "https://registry.npmjs.org/iconv-lite/-/iconv-lite-0.4.18.tgz",
        "unpipe": "https://registry.npmjs.org/unpipe/-/unpipe-1.0.0.tgz"
      }
    },
    "read-pkg": {
      "version": "https://registry.npmjs.org/read-pkg/-/read-pkg-2.0.0.tgz",
      "integrity": "sha1-jvHAYjxqbbDcZxPEv6xGMysjaPg=",
      "requires": {
        "load-json-file": "https://registry.npmjs.org/load-json-file/-/load-json-file-2.0.0.tgz",
        "normalize-package-data": "https://registry.npmjs.org/normalize-package-data/-/normalize-package-data-2.4.0.tgz",
        "path-type": "https://registry.npmjs.org/path-type/-/path-type-2.0.0.tgz"
      }
    },
    "read-pkg-up": {
      "version": "https://registry.npmjs.org/read-pkg-up/-/read-pkg-up-2.0.0.tgz",
      "integrity": "sha1-a3KoBImE4MQeeVEP1en6mbO1Sb4=",
      "requires": {
        "find-up": "https://registry.npmjs.org/find-up/-/find-up-2.1.0.tgz",
        "read-pkg": "https://registry.npmjs.org/read-pkg/-/read-pkg-2.0.0.tgz"
      }
    },
    "require-directory": {
      "version": "https://registry.npmjs.org/require-directory/-/require-directory-2.1.1.tgz",
      "integrity": "sha1-jGStX9MNqxyXbiNE/+f3kqam30I="
    },
    "require-main-filename": {
      "version": "https://registry.npmjs.org/require-main-filename/-/require-main-filename-1.0.1.tgz",
      "integrity": "sha1-l/cXtp1IeE9fUmpsWqj/3aBVpNE="
    },
    "semver": {
      "version": "https://registry.npmjs.org/semver/-/semver-5.4.1.tgz",
      "integrity": "sha1-4FnAnYVx8FQII3M0M1BdOi8AsY4="
    },
    "set-blocking": {
      "version": "https://registry.npmjs.org/set-blocking/-/set-blocking-2.0.0.tgz",
      "integrity": "sha1-BF+XgtARrppoA93TgrJDkrPYkPc="
    },
    "setprototypeof": {
      "version": "https://registry.npmjs.org/setprototypeof/-/setprototypeof-1.0.3.tgz",
      "integrity": "sha1-ZlZ+NwQ+608E2RvWWMDL77VbjgQ="
    },
    "shebang-command": {
      "version": "https://registry.npmjs.org/shebang-command/-/shebang-command-1.2.0.tgz",
      "integrity": "sha1-RKrGW2lbAzmJaMOfNj/uXer98eo=",
      "requires": {
        "shebang-regex": "https://registry.npmjs.org/shebang-regex/-/shebang-regex-1.0.0.tgz"
      }
    },
    "shebang-regex": {
      "version": "https://registry.npmjs.org/shebang-regex/-/shebang-regex-1.0.0.tgz",
      "integrity": "sha1-2kL0l0DAtC2yypcoVxyxkMmO/qM="
    },
    "showdown": {
      "version": "https://registry.npmjs.org/showdown/-/showdown-1.7.3.tgz",
      "integrity": "sha1-jSf1AaCFDzOgwl8aa3oQufxGRjM=",
      "requires": {
        "yargs": "https://registry.npmjs.org/yargs/-/yargs-8.0.2.tgz"
      }
    },
    "signal-exit": {
      "version": "https://registry.npmjs.org/signal-exit/-/signal-exit-3.0.2.tgz",
      "integrity": "sha1-tf3AjxKH6hF4Yo5BXiUTK3NkbG0="
    },
    "spdx-correct": {
      "version": "https://registry.npmjs.org/spdx-correct/-/spdx-correct-1.0.2.tgz",
      "integrity": "sha1-SzBz2TP/UfORLwOsVRlJikFQ20A=",
      "requires": {
        "spdx-license-ids": "https://registry.npmjs.org/spdx-license-ids/-/spdx-license-ids-1.2.2.tgz"
      }
    },
    "spdx-expression-parse": {
      "version": "https://registry.npmjs.org/spdx-expression-parse/-/spdx-expression-parse-1.0.4.tgz",
      "integrity": "sha1-m98vIOH0DtRH++JzJmGR/O1RYmw="
    },
    "spdx-license-ids": {
      "version": "https://registry.npmjs.org/spdx-license-ids/-/spdx-license-ids-1.2.2.tgz",
      "integrity": "sha1-yd96NCRZSt5r0RkA1ZZpbcBrrFc="
    },
    "sprintf-js": {
      "version": "1.0.3",
      "resolved": "https://registry.npmjs.org/sprintf-js/-/sprintf-js-1.0.3.tgz",
      "integrity": "sha1-BOaSb2YolTVPPdAVIDYzuFcpfiw="
    },
    "statuses": {
      "version": "https://registry.npmjs.org/statuses/-/statuses-1.3.1.tgz",
      "integrity": "sha1-+vUbnrdKrvOzrPStX2Gr8ky3uT4="
    },
    "string-width": {
      "version": "https://registry.npmjs.org/string-width/-/string-width-2.1.1.tgz",
      "integrity": "sha1-q5Pyeo3BPSjKyBXEYhQ6bZASrp4=",
      "requires": {
        "is-fullwidth-code-point": "https://registry.npmjs.org/is-fullwidth-code-point/-/is-fullwidth-code-point-2.0.0.tgz",
        "strip-ansi": "https://registry.npmjs.org/strip-ansi/-/strip-ansi-4.0.0.tgz"
      },
      "dependencies": {
        "ansi-regex": {
          "version": "https://registry.npmjs.org/ansi-regex/-/ansi-regex-3.0.0.tgz",
          "integrity": "sha1-7QMXwyIGT3lGbAKWa922Bas32Zg="
        },
        "is-fullwidth-code-point": {
          "version": "https://registry.npmjs.org/is-fullwidth-code-point/-/is-fullwidth-code-point-2.0.0.tgz",
          "integrity": "sha1-o7MKXE8ZkYMWeqq5O+764937ZU8="
        },
        "strip-ansi": {
          "version": "https://registry.npmjs.org/strip-ansi/-/strip-ansi-4.0.0.tgz",
          "integrity": "sha1-qEeQIusaw2iocTibY1JixQXuNo8=",
          "requires": {
            "ansi-regex": "https://registry.npmjs.org/ansi-regex/-/ansi-regex-3.0.0.tgz"
          }
        }
      }
    },
    "strip-ansi": {
      "version": "https://registry.npmjs.org/strip-ansi/-/strip-ansi-3.0.1.tgz",
      "integrity": "sha1-ajhfuIU9lS1f8F0Oiq+UJ43GPc8=",
      "requires": {
        "ansi-regex": "https://registry.npmjs.org/ansi-regex/-/ansi-regex-2.1.1.tgz"
      }
    },
    "strip-bom": {
      "version": "https://registry.npmjs.org/strip-bom/-/strip-bom-3.0.0.tgz",
      "integrity": "sha1-IzTBjpx1n3vdVv3vfprj1YjmjtM="
    },
    "strip-eof": {
      "version": "https://registry.npmjs.org/strip-eof/-/strip-eof-1.0.0.tgz",
      "integrity": "sha1-u0P/VZim6wXYm1n80SnJgzE2Br8="
    },
    "unpipe": {
      "version": "https://registry.npmjs.org/unpipe/-/unpipe-1.0.0.tgz",
      "integrity": "sha1-sr9O6FFKrmFltIF4KdIbLvSZBOw="
    },
    "validate-npm-package-license": {
      "version": "https://registry.npmjs.org/validate-npm-package-license/-/validate-npm-package-license-3.0.1.tgz",
      "integrity": "sha1-KAS6vnEq0zeUWaz74kdGqywwP7w=",
      "requires": {
        "spdx-correct": "https://registry.npmjs.org/spdx-correct/-/spdx-correct-1.0.2.tgz",
        "spdx-expression-parse": "https://registry.npmjs.org/spdx-expression-parse/-/spdx-expression-parse-1.0.4.tgz"
      }
    },
    "whatwg-fetch": {
      "version": "https://registry.npmjs.org/whatwg-fetch/-/whatwg-fetch-2.0.3.tgz",
      "integrity": "sha1-nITsLc9oGH/wC8ZOEnS0QhduHIQ="
    },
    "which": {
      "version": "https://registry.npmjs.org/which/-/which-1.3.0.tgz",
      "integrity": "sha1-/wS9/AEO5UfXgL7DjhrBwnd9JTo=",
      "requires": {
        "isexe": "https://registry.npmjs.org/isexe/-/isexe-2.0.0.tgz"
      }
    },
    "which-module": {
      "version": "https://registry.npmjs.org/which-module/-/which-module-2.0.0.tgz",
      "integrity": "sha1-2e8H3Od7mQK4o6j6SzHD4/fm6Ho="
    },
    "wrap-ansi": {
      "version": "https://registry.npmjs.org/wrap-ansi/-/wrap-ansi-2.1.0.tgz",
      "integrity": "sha1-2Pw9KE3QV5T+hJc8rs3Rz4JP3YU=",
      "requires": {
        "string-width": "https://registry.npmjs.org/string-width/-/string-width-1.0.2.tgz",
        "strip-ansi": "https://registry.npmjs.org/strip-ansi/-/strip-ansi-3.0.1.tgz"
      },
      "dependencies": {
        "string-width": {
          "version": "https://registry.npmjs.org/string-width/-/string-width-1.0.2.tgz",
          "integrity": "sha1-EYvfW4zcUaKn5w0hHgfisLmxB9M=",
          "requires": {
            "code-point-at": "https://registry.npmjs.org/code-point-at/-/code-point-at-1.1.0.tgz",
            "is-fullwidth-code-point": "https://registry.npmjs.org/is-fullwidth-code-point/-/is-fullwidth-code-point-1.0.0.tgz",
            "strip-ansi": "https://registry.npmjs.org/strip-ansi/-/strip-ansi-3.0.1.tgz"
          }
        }
      }
    },
    "y18n": {
      "version": "https://registry.npmjs.org/y18n/-/y18n-3.2.1.tgz",
      "integrity": "sha1-bRX7qITAhnnA136I53WegR4H+kE="
    },
    "yallist": {
      "version": "https://registry.npmjs.org/yallist/-/yallist-2.1.2.tgz",
      "integrity": "sha1-HBH5IY8HYImkfdUS+TxmmaaoHVI="
    },
    "yargs": {
      "version": "https://registry.npmjs.org/yargs/-/yargs-8.0.2.tgz",
      "integrity": "sha1-YpmpBVsc78lp/355wdkY3Osiw2A=",
      "requires": {
        "camelcase": "https://registry.npmjs.org/camelcase/-/camelcase-4.1.0.tgz",
        "cliui": "https://registry.npmjs.org/cliui/-/cliui-3.2.0.tgz",
        "decamelize": "https://registry.npmjs.org/decamelize/-/decamelize-1.2.0.tgz",
        "get-caller-file": "https://registry.npmjs.org/get-caller-file/-/get-caller-file-1.0.2.tgz",
        "os-locale": "https://registry.npmjs.org/os-locale/-/os-locale-2.1.0.tgz",
        "read-pkg-up": "https://registry.npmjs.org/read-pkg-up/-/read-pkg-up-2.0.0.tgz",
        "require-directory": "https://registry.npmjs.org/require-directory/-/require-directory-2.1.1.tgz",
        "require-main-filename": "https://registry.npmjs.org/require-main-filename/-/require-main-filename-1.0.1.tgz",
        "set-blocking": "https://registry.npmjs.org/set-blocking/-/set-blocking-2.0.0.tgz",
        "string-width": "https://registry.npmjs.org/string-width/-/string-width-2.1.1.tgz",
        "which-module": "https://registry.npmjs.org/which-module/-/which-module-2.0.0.tgz",
        "y18n": "https://registry.npmjs.org/y18n/-/y18n-3.2.1.tgz",
        "yargs-parser": "https://registry.npmjs.org/yargs-parser/-/yargs-parser-7.0.0.tgz"
      }
    },
    "yargs-parser": {
      "version": "https://registry.npmjs.org/yargs-parser/-/yargs-parser-7.0.0.tgz",
      "integrity": "sha1-jQrELxbqVd69MyyvTEA4s+P139k=",
      "requires": {
        "camelcase": "https://registry.npmjs.org/camelcase/-/camelcase-4.1.0.tgz"
      }
    }
  }
}
